Microsoft Visual Studio Solution File, Format Version 12.00
# Visual Studio Version 17
VisualStudioVersion = 17.0.31611.283
MinimumVisualStudioVersion = 10.0.40219.1
Project("{9A19103F-16F7-4668-BE54-9A1E7A4F7556}") = "MauiHangRepro", "MauiHangRepro.csproj", "{6F8A666D-35AB-471D-82C5-54290E7D015E}"
EndProject
Global
	GlobalSection(SolutionConfigurationPlatforms) = preSolution
		Debug|Any CPU = Debug|Any CPU
		Release|Any CPU = Release|Any CPU
	EndGlobalSection
	GlobalSection(ProjectConfigurationPlatforms) = postSolution
		{6F8A666D-35AB-471D-82C5-54290E7D015E}.Debug|Any CPU.ActiveCfg = Debug|Any CPU
		{6F8A666D-35AB-471D-82C5-54290E7D015E}.Debug|Any CPU.Build.0 = Debug|Any CPU
		{6F8A666D-35AB-471D-82C5-54290E7D015E}.Debug|Any CPU.Deploy.0 = Debug|Any CPU
		{6F8A666D-35AB-471D-82C5-54290E7D015E}.Release|Any CPU.ActiveCfg = Release|Any CPU
		{6F8A666D-35AB-471D-82C5-54290E7D015E}.Release|Any CPU.Build.0 = Release|Any CPU
		{6F8A666D-35AB-471D-82C5-54290E7D015E}.Release|Any CPU.Deploy.0 = Release|Any CPU
	EndGlobalSection
	GlobalSection(SolutionProperties) = preSolution
		HideSolutionNode = FALSE
	EndGlobalSection
	GlobalSection(ExtensibilityGlobals) = postSolution
		        SolutionGuid = {61F7FB11-1E47-470C-91E2-47F8143E1572}
		SolutionGuid = {8E4358E0-0CB9-4F0D-B4BD-3222D8B56A14}
	EndGlobalSection
EndGlobal
